<?xml version="1.0" encoding="UTF-8" standalone="yes" ?>
<CodeBlocks_project_file>
	<FileVersion major="1" minor="6" />
	<Project>
		<Option title="game_sdl" />
		<Option pch_mode="2" />
		<Option compiler="gcc" />
		<Build>
			<Target title="Debug">
				<Option output="bin/Debug/game_sdl" prefix_auto="1" extension_auto="1" />
				<Option object_output="obj/Debug/" />
				<Option type="1" />
				<Option compiler="gcc" />
				<Compiler>
					<Add option="-g" />
					<Add directory="SDL2_lib/SDL2-2.0.14/x86_64-w64-mingw32/include" />
					<Add directory="SDL2_lib/SDL2_image-2.0.5/x86_64-w64-mingw32/include" />
					<Add directory="SDL2_lib/SDL2_mixer-2.0.4/x86_64-w64-mingw32/include" />
					<Add directory="SDL2_lib/SDL2_ttf-2.0.15/x86_64-w64-mingw32/include" />
				</Compiler>
				<Linker>
					<Add option="-lmingw32 -lSDL2main -lSDL2 -lSDL2_image -lSDL2_mixer -lSDL2_ttf" />
					<Add directory="SDL2_lib/SDL2_image-2.0.5/x86_64-w64-mingw32/lib" />
					<Add directory="SDL2_lib/SDL2_mixer-2.0.4/x86_64-w64-mingw32/lib" />
					<Add directory="SDL2_lib/SDL2_ttf-2.0.15/x86_64-w64-mingw32/lib" />
					<Add directory="SDL2_lib/SDL2-2.0.14/x86_64-w64-mingw32/lib" />
				</Linker>
			</Target>
			<Target title="Release">
				<Option output="bin/Release/game_sdl" prefix_auto="1" extension_auto="1" />
				<Option object_output="obj/Release/" />
				<Option type="1" />
				<Option compiler="gcc" />
				<Compiler>
					<Add option="-O2" />
				</Compiler>
				<Linker>
					<Add option="-s" />
				</Linker>
			</Target>
		</Build>
		<Compiler>
			<Add option="-Wall" />
			<Add option="-fexceptions" />
		</Compiler>
		<Unit filename="BaseObject.cpp" />
		<Unit filename="BaseObject.h" />
		<Unit filename="BossObject.cpp" />
		<Unit filename="BossObject.h" />
		<Unit filename="BulletObject.cpp" />
		<Unit filename="BulletObject.h" />
		<Unit filename="CommonFunction.cpp" />
		<Unit filename="CommonFunction.h" />
		<Unit filename="Explosion.cpp" />
		<Unit filename="Explosion.h" />
		<Unit filename="FlyThreatObject.cpp" />
		<Unit filename="FlyThreatObject.h" />
		<Unit filename="Geometric.cpp" />
		<Unit filename="Geometric.h" />
		<Unit filename="ImpTimer.cpp" />
		<Unit filename="ImpTimer.h" />
		<Unit filename="MainObject.cpp" />
		<Unit filename="MainObject.h" />
		<Unit filename="PlayerPower.cpp" />
		<Unit filename="PlayerPower.h" />
		<Unit filename="TextObject.cpp" />
		<Unit filename="TextObject.h" />
		<Unit filename="ThreatsObject.cpp" />
		<Unit filename="ThreatsObject.h" />
		<Unit filename="ThreatsObject2.cpp" />
		<Unit filename="ThreatsObject2.h" />
		<Unit filename="game_map.cpp" />
		<Unit filename="game_map.h" />
		<Unit filename="main.cpp" />
		<Extensions>
			<lib_finder disable_auto="1" />
		</Extensions>
	</Project>
</CodeBlocks_project_file>
